<?xml version="1.0" encoding="utf-8"?>
<Project ToolsVersion="4.0" xmlns="http://schemas.microsoft.com/developer/msbuild/2003">
  <ItemGroup>
    <Filter Include="소스 파일">
      <UniqueIdentifier>{4FC737F1-C7A5-4376-A066-2A32D752A2FF}</UniqueIdentifier>
      <Extensions>cpp;c;cc;cxx;def;odl;idl;hpj;bat;asm;asmx</Extensions>
    </Filter>
    <Filter Include="헤더 파일">
      <UniqueIdentifier>{93995380-89BD-4b04-88EB-625FBE52EBFB}</UniqueIdentifier>
      <Extensions>h;hh;hpp;hxx;hm;inl;inc;xsd</Extensions>
    </Filter>
    <Filter Include="리소스 파일">
      <UniqueIdentifier>{67DA6AB6-F800-4c08-8B7A-83BB121AAD01}</UniqueIdentifier>
      <Extensions>rc;ico;cur;bmp;dlg;rc2;rct;bin;rgs;gif;jpg;jpeg;jpe;resx;tiff;tif;png;wav;mfcribbon-ms</Extensions>
    </Filter>
  </ItemGroup>
  <ItemGroup>
    <ClCompile Include="1_constructor.cpp">
      <Filter>소스 파일</Filter>
    </ClCompile>
    <ClCompile Include="1_constructor2.cpp">
      <Filter>소스 파일</Filter>
    </ClCompile>
    <ClCompile Include="1_constructor3.cpp">
      <Filter>소스 파일</Filter>
    </ClCompile>
    <ClCompile Include="1_constructor4.cpp">
      <Filter>소스 파일</Filter>
    </ClCompile>
    <ClCompile Include="1_constructor6.cpp">
      <Filter>소스 파일</Filter>
    </ClCompile>
    <ClCompile Include="1_constructor5.cpp">
      <Filter>소스 파일</Filter>
    </ClCompile>
    <ClCompile Include="1_constructor7.cpp">
      <Filter>소스 파일</Filter>
    </ClCompile>
    <ClCompile Include="1_constructor8.cpp">
      <Filter>소스 파일</Filter>
    </ClCompile>
    <ClCompile Include="1_constructor9.cpp">
      <Filter>소스 파일</Filter>
    </ClCompile>
    <ClCompile Include="2_new.cpp">
      <Filter>소스 파일</Filter>
    </ClCompile>
    <ClCompile Include="2_new2.cpp">
      <Filter>소스 파일</Filter>
    </ClCompile>
    <ClCompile Include="2_new3.cpp">
      <Filter>소스 파일</Filter>
    </ClCompile>
    <ClCompile Include="2_new4.cpp">
      <Filter>소스 파일</Filter>
    </ClCompile>
    <ClCompile Include="3_trivial.cpp">
      <Filter>소스 파일</Filter>
    </ClCompile>
    <ClCompile Include="3_trivial2.cpp">
      <Filter>소스 파일</Filter>
    </ClCompile>
    <ClCompile Include="3_trivial3.cpp">
      <Filter>소스 파일</Filter>
    </ClCompile>
    <ClCompile Include="3_trivial4.cpp">
      <Filter>소스 파일</Filter>
    </ClCompile>
    <ClCompile Include="3_trivial5.cpp">
      <Filter>소스 파일</Filter>
    </ClCompile>
    <ClCompile Include="3_trivial6.cpp">
      <Filter>소스 파일</Filter>
    </ClCompile>
    <ClCompile Include="4_default.cpp">
      <Filter>소스 파일</Filter>
    </ClCompile>
    <ClCompile Include="5_SFINAE.cpp">
      <Filter>소스 파일</Filter>
    </ClCompile>
    <ClCompile Include="5_SFINAE2.cpp">
      <Filter>소스 파일</Filter>
    </ClCompile>
    <ClCompile Include="5_SFINAE3.cpp">
      <Filter>소스 파일</Filter>
    </ClCompile>
    <ClCompile Include="5_SFINAE4.cpp">
      <Filter>소스 파일</Filter>
    </ClCompile>
    <ClCompile Include="5_SFINAE5.cpp">
      <Filter>소스 파일</Filter>
    </ClCompile>
    <ClCompile Include="5_SFINAE6.cpp">
      <Filter>소스 파일</Filter>
    </ClCompile>
    <ClCompile Include="5_SFINAE7.cpp">
      <Filter>소스 파일</Filter>
    </ClCompile>
    <ClCompile Include="5_SFINAE8.cpp">
      <Filter>소스 파일</Filter>
    </ClCompile>
    <ClCompile Include="6_enable_if.cpp">
      <Filter>소스 파일</Filter>
    </ClCompile>
    <ClCompile Include="6_enable_if_2.cpp">
      <Filter>소스 파일</Filter>
    </ClCompile>
    <ClCompile Include="6_enable_if3.cpp">
      <Filter>소스 파일</Filter>
    </ClCompile>
    <ClCompile Include="6_enable_if4.cpp">
      <Filter>소스 파일</Filter>
    </ClCompile>
    <ClCompile Include="6_enable_if5.cpp">
      <Filter>소스 파일</Filter>
    </ClCompile>
    <ClCompile Include="6_enable_if6.cpp">
      <Filter>소스 파일</Filter>
    </ClCompile>
  </ItemGroup>
</Project>